
Microsoft Visual Studio Solution File, Format Version 10.00
# Visual Studio 2008
Project("{2150E333-8FDC-42A3-9474-1A3956D46DE8}") = "Graphics", "Graphics", "{C895D489-CFE7-49FB-A4DC-AF4111674CBC}"
EndProject
Project("{FAE04EC0-301F-11D3-BF4B-00C04F79EFBC}") = "Graphics", "src\Graphics\Graphics.csproj", "{46A96A45-1CCE-4C94-95A2-9836CFBA2E78}"
EndProject
Project("{FAE04EC0-301F-11D3-BF4B-00C04F79EFBC}") = "Tests.Graphics", "src\Tests.Graphics\Tests.Graphics.csproj", "{886A66F9-E7A1-4288-9F03-A10E8732E1F2}"
EndProject
Project("{2150E333-8FDC-42A3-9474-1A3956D46DE8}") = "Math", "Math", "{8D156FA2-5684-4C96-88E2-CB104A746426}"
EndProject
Project("{FAE04EC0-301F-11D3-BF4B-00C04F79EFBC}") = "Math", "src\Math\Math.csproj", "{2E903ACD-202D-4B64-B2EF-C262D611C45D}"
EndProject
Project("{FAE04EC0-301F-11D3-BF4B-00C04F79EFBC}") = "Tests.Math", "src\Tests.Math\Tests.Math.csproj", "{6087D02A-9541-4AD7-A065-25E847C43613}"
EndProject
Project("{2150E333-8FDC-42A3-9474-1A3956D46DE8}") = "Implementations", "Implementations", "{0FA7E45A-8A57-4D3B-A189-A1EAA843CF66}"
EndProject
Project("{2150E333-8FDC-42A3-9474-1A3956D46DE8}") = "SlimDX", "SlimDX", "{2B5EB23D-48EB-4C48-B0E2-FE2631731899}"
EndProject
Project("{FAE04EC0-301F-11D3-BF4B-00C04F79EFBC}") = "Graphics.SlimDX", "src\Graphics.SlimDX\Graphics.SlimDX.csproj", "{80770940-160F-4073-A000-B79B34B6FB7D}"
EndProject
Project("{FAE04EC0-301F-11D3-BF4B-00C04F79EFBC}") = "Tests.Graphics.SlimDX", "src\Tests.Graphics.SlimDX\Tests.Graphics.SlimDX.csproj", "{A456EFBC-ECB0-4C64-B54E-10941689FB1D}"
EndProject
Project("{2150E333-8FDC-42A3-9474-1A3956D46DE8}") = "Xna", "Xna", "{2C717273-9BF7-4D48-9CCB-F529E8D051C0}"
EndProject
Project("{FAE04EC0-301F-11D3-BF4B-00C04F79EFBC}") = "Graphics.Xna", "src\Graphics.Xna\Graphics.Xna.csproj", "{070267A1-5B14-4375-BD7D-19D629C34152}"
EndProject
Project("{FAE04EC0-301F-11D3-BF4B-00C04F79EFBC}") = "Tests.Graphics.Xna", "src\Tests.Graphics.Xna\Tests.Graphics.Xna.csproj", "{B926A77F-7A13-4ADD-B408-18A6741DF271}"
EndProject
Project("{2150E333-8FDC-42A3-9474-1A3956D46DE8}") = "Infrastructure", "Infrastructure", "{38C3A798-FCA5-4785-BB06-B7404B6EAEEC}"
EndProject
Project("{FAE04EC0-301F-11D3-BF4B-00C04F79EFBC}") = "FunctionalTests.Graphics", "src\FunctionalTests.Graphics\FunctionalTests.Graphics.csproj", "{0C05E197-3435-40A0-B72A-B922F474A7B6}"
EndProject
Project("{2150E333-8FDC-42A3-9474-1A3956D46DE8}") = "Build", "Build", "{F5440C55-390E-4432-967C-31CC760F00B9}"
	ProjectSection(SolutionItems) = preProject
		rakefile.rb = rakefile.rb
	EndProjectSection
EndProject
Project("{FAE04EC0-301F-11D3-BF4B-00C04F79EFBC}") = "Infrastructure", "src\Infrastructure\Infrastructure.csproj", "{F236295E-8AC5-47A1-B751-23FCDC90688F}"
EndProject
Project("{FAE04EC0-301F-11D3-BF4B-00C04F79EFBC}") = "Tests.Infrastructure", "src\Tests.Infrastructure\Tests.Infrastructure.csproj", "{E5F6CD41-EF70-4C50-B0AD-1D10529EDB1D}"
EndProject
Project("{FAE04EC0-301F-11D3-BF4B-00C04F79EFBC}") = "TestInfrastructure", "src\TestInfrastructure\TestInfrastructure.csproj", "{80F94562-64F0-48BB-8CFC-327CA0637B82}"
EndProject
Project("{FAE04EC0-301F-11D3-BF4B-00C04F79EFBC}") = "Tests.TestInfrastructure", "src\Tests.TestInfrastructure\Tests.TestInfrastructure.csproj", "{2159C99B-4EF9-469A-BBE8-4BCA87F4789A}"
EndProject
Project("{2150E333-8FDC-42A3-9474-1A3956D46DE8}") = "Applications", "Applications", "{CD0D497E-C7C2-48B9-8E09-2D559E5286DA}"
EndProject
Project("{2150E333-8FDC-42A3-9474-1A3956D46DE8}") = "Input", "Input", "{D93500BF-3090-42CC-A7C9-2A5154B6C829}"
EndProject
Project("{FAE04EC0-301F-11D3-BF4B-00C04F79EFBC}") = "Input", "src\Input\Input.csproj", "{86212696-F63D-439E-8F1C-903B6250D916}"
EndProject
Project("{FAE04EC0-301F-11D3-BF4B-00C04F79EFBC}") = "Tests.Input", "src\Tests.Input\Tests.Input.csproj", "{819E4230-C3E2-4246-86AF-42E813385A65}"
EndProject
Project("{2150E333-8FDC-42A3-9474-1A3956D46DE8}") = "Implementations", "Implementations", "{520B284F-B0D2-4CA8-919C-F9FE1C24B980}"
EndProject
Project("{2150E333-8FDC-42A3-9474-1A3956D46DE8}") = "SlimDX", "SlimDX", "{30BCD02E-9122-489A-8D43-7EB20667E903}"
EndProject
Project("{FAE04EC0-301F-11D3-BF4B-00C04F79EFBC}") = "Input.SlimDX", "src\Input.SlimDX\Input.SlimDX.csproj", "{5AF4B16A-E50B-4970-9ADF-0F0D5CF2088C}"
EndProject
Project("{FAE04EC0-301F-11D3-BF4B-00C04F79EFBC}") = "Tests.Input.SlimDX", "src\Tests.Input.SlimDX\Tests.Input.SlimDX.csproj", "{F1D621F1-E131-492C-AE57-80EA69BFC77B}"
EndProject
Project("{2150E333-8FDC-42A3-9474-1A3956D46DE8}") = "Xna", "Xna", "{FB6FE9AF-C65C-4C62-AC18-B6176F441EE3}"
EndProject
Project("{FAE04EC0-301F-11D3-BF4B-00C04F79EFBC}") = "Input.Xna", "src\Input.Xna\Input.Xna.csproj", "{8AE4FE93-1F08-4C15-B858-ACF4BCAFD12C}"
EndProject
Project("{FAE04EC0-301F-11D3-BF4B-00C04F79EFBC}") = "Tests.Input.Xna", "src\Tests.Input.Xna\Tests.Input.Xna.csproj", "{1BBB3B29-4125-4353-94CE-FAF1CC680EDA}"
EndProject
Project("{2150E333-8FDC-42A3-9474-1A3956D46DE8}") = "OpenTK", "OpenTK", "{CD2D5F1E-7A9D-489D-97E0-0B72FED6F026}"
EndProject
Project("{FAE04EC0-301F-11D3-BF4B-00C04F79EFBC}") = "Graphics.OpenTK", "src\Graphics.OpenTK\Graphics.OpenTK.csproj", "{DD60BE5D-60A6-48D1-9DFA-3E147A5422CF}"
EndProject
Project("{FAE04EC0-301F-11D3-BF4B-00C04F79EFBC}") = "Tests.Graphics.OpenTK", "src\Tests.Graphics.OpenTK\Tests.Graphics.OpenTK.csproj", "{FD5CD96D-4E69-4F71-B858-CCC518F21F2D}"
EndProject
Global
	GlobalSection(SolutionConfigurationPlatforms) = preSolution
		Debug|Any CPU = Debug|Any CPU
		Release|Any CPU = Release|Any CPU
	EndGlobalSection
	GlobalSection(ProjectConfigurationPlatforms) = postSolution
		{46A96A45-1CCE-4C94-95A2-9836CFBA2E78}.Debug|Any CPU.ActiveCfg = Debug|Any CPU
		{46A96A45-1CCE-4C94-95A2-9836CFBA2E78}.Debug|Any CPU.Build.0 = Debug|Any CPU
		{46A96A45-1CCE-4C94-95A2-9836CFBA2E78}.Release|Any CPU.ActiveCfg = Release|Any CPU
		{46A96A45-1CCE-4C94-95A2-9836CFBA2E78}.Release|Any CPU.Build.0 = Release|Any CPU
		{886A66F9-E7A1-4288-9F03-A10E8732E1F2}.Debug|Any CPU.ActiveCfg = Debug|Any CPU
		{886A66F9-E7A1-4288-9F03-A10E8732E1F2}.Debug|Any CPU.Build.0 = Debug|Any CPU
		{886A66F9-E7A1-4288-9F03-A10E8732E1F2}.Release|Any CPU.ActiveCfg = Release|Any CPU
		{886A66F9-E7A1-4288-9F03-A10E8732E1F2}.Release|Any CPU.Build.0 = Release|Any CPU
		{2E903ACD-202D-4B64-B2EF-C262D611C45D}.Debug|Any CPU.ActiveCfg = Debug|Any CPU
		{2E903ACD-202D-4B64-B2EF-C262D611C45D}.Debug|Any CPU.Build.0 = Debug|Any CPU
		{2E903ACD-202D-4B64-B2EF-C262D611C45D}.Release|Any CPU.ActiveCfg = Release|Any CPU
		{2E903ACD-202D-4B64-B2EF-C262D611C45D}.Release|Any CPU.Build.0 = Release|Any CPU
		{6087D02A-9541-4AD7-A065-25E847C43613}.Debug|Any CPU.ActiveCfg = Debug|Any CPU
		{6087D02A-9541-4AD7-A065-25E847C43613}.Debug|Any CPU.Build.0 = Debug|Any CPU
		{6087D02A-9541-4AD7-A065-25E847C43613}.Release|Any CPU.ActiveCfg = Release|Any CPU
		{6087D02A-9541-4AD7-A065-25E847C43613}.Release|Any CPU.Build.0 = Release|Any CPU
		{80770940-160F-4073-A000-B79B34B6FB7D}.Debug|Any CPU.ActiveCfg = Debug|Any CPU
		{80770940-160F-4073-A000-B79B34B6FB7D}.Debug|Any CPU.Build.0 = Debug|Any CPU
		{80770940-160F-4073-A000-B79B34B6FB7D}.Release|Any CPU.ActiveCfg = Release|Any CPU
		{80770940-160F-4073-A000-B79B34B6FB7D}.Release|Any CPU.Build.0 = Release|Any CPU
		{A456EFBC-ECB0-4C64-B54E-10941689FB1D}.Debug|Any CPU.ActiveCfg = Debug|Any CPU
		{A456EFBC-ECB0-4C64-B54E-10941689FB1D}.Debug|Any CPU.Build.0 = Debug|Any CPU
		{A456EFBC-ECB0-4C64-B54E-10941689FB1D}.Release|Any CPU.ActiveCfg = Release|Any CPU
		{A456EFBC-ECB0-4C64-B54E-10941689FB1D}.Release|Any CPU.Build.0 = Release|Any CPU
		{070267A1-5B14-4375-BD7D-19D629C34152}.Debug|Any CPU.ActiveCfg = Debug|Any CPU
		{070267A1-5B14-4375-BD7D-19D629C34152}.Debug|Any CPU.Build.0 = Debug|Any CPU
		{070267A1-5B14-4375-BD7D-19D629C34152}.Release|Any CPU.ActiveCfg = Release|Any CPU
		{070267A1-5B14-4375-BD7D-19D629C34152}.Release|Any CPU.Build.0 = Release|Any CPU
		{B926A77F-7A13-4ADD-B408-18A6741DF271}.Debug|Any CPU.ActiveCfg = Debug|Any CPU
		{B926A77F-7A13-4ADD-B408-18A6741DF271}.Debug|Any CPU.Build.0 = Debug|Any CPU
		{B926A77F-7A13-4ADD-B408-18A6741DF271}.Release|Any CPU.ActiveCfg = Release|Any CPU
		{B926A77F-7A13-4ADD-B408-18A6741DF271}.Release|Any CPU.Build.0 = Release|Any CPU
		{0C05E197-3435-40A0-B72A-B922F474A7B6}.Debug|Any CPU.ActiveCfg = Debug|Any CPU
		{0C05E197-3435-40A0-B72A-B922F474A7B6}.Debug|Any CPU.Build.0 = Debug|Any CPU
		{0C05E197-3435-40A0-B72A-B922F474A7B6}.Release|Any CPU.ActiveCfg = Release|Any CPU
		{0C05E197-3435-40A0-B72A-B922F474A7B6}.Release|Any CPU.Build.0 = Release|Any CPU
		{F236295E-8AC5-47A1-B751-23FCDC90688F}.Debug|Any CPU.ActiveCfg = Debug|Any CPU
		{F236295E-8AC5-47A1-B751-23FCDC90688F}.Debug|Any CPU.Build.0 = Debug|Any CPU
		{F236295E-8AC5-47A1-B751-23FCDC90688F}.Release|Any CPU.ActiveCfg = Release|Any CPU
		{F236295E-8AC5-47A1-B751-23FCDC90688F}.Release|Any CPU.Build.0 = Release|Any CPU
		{E5F6CD41-EF70-4C50-B0AD-1D10529EDB1D}.Debug|Any CPU.ActiveCfg = Debug|Any CPU
		{E5F6CD41-EF70-4C50-B0AD-1D10529EDB1D}.Debug|Any CPU.Build.0 = Debug|Any CPU
		{E5F6CD41-EF70-4C50-B0AD-1D10529EDB1D}.Release|Any CPU.ActiveCfg = Release|Any CPU
		{E5F6CD41-EF70-4C50-B0AD-1D10529EDB1D}.Release|Any CPU.Build.0 = Release|Any CPU
		{80F94562-64F0-48BB-8CFC-327CA0637B82}.Debug|Any CPU.ActiveCfg = Debug|Any CPU
		{80F94562-64F0-48BB-8CFC-327CA0637B82}.Debug|Any CPU.Build.0 = Debug|Any CPU
		{80F94562-64F0-48BB-8CFC-327CA0637B82}.Release|Any CPU.ActiveCfg = Release|Any CPU
		{80F94562-64F0-48BB-8CFC-327CA0637B82}.Release|Any CPU.Build.0 = Release|Any CPU
		{2159C99B-4EF9-469A-BBE8-4BCA87F4789A}.Debug|Any CPU.ActiveCfg = Debug|Any CPU
		{2159C99B-4EF9-469A-BBE8-4BCA87F4789A}.Debug|Any CPU.Build.0 = Debug|Any CPU
		{2159C99B-4EF9-469A-BBE8-4BCA87F4789A}.Release|Any CPU.ActiveCfg = Release|Any CPU
		{2159C99B-4EF9-469A-BBE8-4BCA87F4789A}.Release|Any CPU.Build.0 = Release|Any CPU
		{86212696-F63D-439E-8F1C-903B6250D916}.Debug|Any CPU.ActiveCfg = Debug|Any CPU
		{86212696-F63D-439E-8F1C-903B6250D916}.Debug|Any CPU.Build.0 = Debug|Any CPU
		{86212696-F63D-439E-8F1C-903B6250D916}.Release|Any CPU.ActiveCfg = Release|Any CPU
		{86212696-F63D-439E-8F1C-903B6250D916}.Release|Any CPU.Build.0 = Release|Any CPU
		{819E4230-C3E2-4246-86AF-42E813385A65}.Debug|Any CPU.ActiveCfg = Debug|Any CPU
		{819E4230-C3E2-4246-86AF-42E813385A65}.Debug|Any CPU.Build.0 = Debug|Any CPU
		{819E4230-C3E2-4246-86AF-42E813385A65}.Release|Any CPU.ActiveCfg = Release|Any CPU
		{819E4230-C3E2-4246-86AF-42E813385A65}.Release|Any CPU.Build.0 = Release|Any CPU
		{5AF4B16A-E50B-4970-9ADF-0F0D5CF2088C}.Debug|Any CPU.ActiveCfg = Debug|Any CPU
		{5AF4B16A-E50B-4970-9ADF-0F0D5CF2088C}.Debug|Any CPU.Build.0 = Debug|Any CPU
		{5AF4B16A-E50B-4970-9ADF-0F0D5CF2088C}.Release|Any CPU.ActiveCfg = Release|Any CPU
		{5AF4B16A-E50B-4970-9ADF-0F0D5CF2088C}.Release|Any CPU.Build.0 = Release|Any CPU
		{F1D621F1-E131-492C-AE57-80EA69BFC77B}.Debug|Any CPU.ActiveCfg = Debug|Any CPU
		{F1D621F1-E131-492C-AE57-80EA69BFC77B}.Debug|Any CPU.Build.0 = Debug|Any CPU
		{F1D621F1-E131-492C-AE57-80EA69BFC77B}.Release|Any CPU.ActiveCfg = Release|Any CPU
		{F1D621F1-E131-492C-AE57-80EA69BFC77B}.Release|Any CPU.Build.0 = Release|Any CPU
		{8AE4FE93-1F08-4C15-B858-ACF4BCAFD12C}.Debug|Any CPU.ActiveCfg = Debug|Any CPU
		{8AE4FE93-1F08-4C15-B858-ACF4BCAFD12C}.Debug|Any CPU.Build.0 = Debug|Any CPU
		{8AE4FE93-1F08-4C15-B858-ACF4BCAFD12C}.Release|Any CPU.ActiveCfg = Release|Any CPU
		{8AE4FE93-1F08-4C15-B858-ACF4BCAFD12C}.Release|Any CPU.Build.0 = Release|Any CPU
		{1BBB3B29-4125-4353-94CE-FAF1CC680EDA}.Debug|Any CPU.ActiveCfg = Debug|Any CPU
		{1BBB3B29-4125-4353-94CE-FAF1CC680EDA}.Debug|Any CPU.Build.0 = Debug|Any CPU
		{1BBB3B29-4125-4353-94CE-FAF1CC680EDA}.Release|Any CPU.ActiveCfg = Release|Any CPU
		{1BBB3B29-4125-4353-94CE-FAF1CC680EDA}.Release|Any CPU.Build.0 = Release|Any CPU
		{DD60BE5D-60A6-48D1-9DFA-3E147A5422CF}.Debug|Any CPU.ActiveCfg = Debug|Any CPU
		{DD60BE5D-60A6-48D1-9DFA-3E147A5422CF}.Debug|Any CPU.Build.0 = Debug|Any CPU
		{DD60BE5D-60A6-48D1-9DFA-3E147A5422CF}.Release|Any CPU.ActiveCfg = Release|Any CPU
		{DD60BE5D-60A6-48D1-9DFA-3E147A5422CF}.Release|Any CPU.Build.0 = Release|Any CPU
		{FD5CD96D-4E69-4F71-B858-CCC518F21F2D}.Debug|Any CPU.ActiveCfg = Debug|Any CPU
		{FD5CD96D-4E69-4F71-B858-CCC518F21F2D}.Debug|Any CPU.Build.0 = Debug|Any CPU
		{FD5CD96D-4E69-4F71-B858-CCC518F21F2D}.Release|Any CPU.ActiveCfg = Release|Any CPU
		{FD5CD96D-4E69-4F71-B858-CCC518F21F2D}.Release|Any CPU.Build.0 = Release|Any CPU
	EndGlobalSection
	GlobalSection(SolutionProperties) = preSolution
		HideSolutionNode = FALSE
	EndGlobalSection
	GlobalSection(NestedProjects) = preSolution
		{46A96A45-1CCE-4C94-95A2-9836CFBA2E78} = {C895D489-CFE7-49FB-A4DC-AF4111674CBC}
		{886A66F9-E7A1-4288-9F03-A10E8732E1F2} = {C895D489-CFE7-49FB-A4DC-AF4111674CBC}
		{0FA7E45A-8A57-4D3B-A189-A1EAA843CF66} = {C895D489-CFE7-49FB-A4DC-AF4111674CBC}
		{0C05E197-3435-40A0-B72A-B922F474A7B6} = {C895D489-CFE7-49FB-A4DC-AF4111674CBC}
		{2E903ACD-202D-4B64-B2EF-C262D611C45D} = {8D156FA2-5684-4C96-88E2-CB104A746426}
		{6087D02A-9541-4AD7-A065-25E847C43613} = {8D156FA2-5684-4C96-88E2-CB104A746426}
		{2B5EB23D-48EB-4C48-B0E2-FE2631731899} = {0FA7E45A-8A57-4D3B-A189-A1EAA843CF66}
		{2C717273-9BF7-4D48-9CCB-F529E8D051C0} = {0FA7E45A-8A57-4D3B-A189-A1EAA843CF66}
		{CD2D5F1E-7A9D-489D-97E0-0B72FED6F026} = {0FA7E45A-8A57-4D3B-A189-A1EAA843CF66}
		{80770940-160F-4073-A000-B79B34B6FB7D} = {2B5EB23D-48EB-4C48-B0E2-FE2631731899}
		{A456EFBC-ECB0-4C64-B54E-10941689FB1D} = {2B5EB23D-48EB-4C48-B0E2-FE2631731899}
		{070267A1-5B14-4375-BD7D-19D629C34152} = {2C717273-9BF7-4D48-9CCB-F529E8D051C0}
		{B926A77F-7A13-4ADD-B408-18A6741DF271} = {2C717273-9BF7-4D48-9CCB-F529E8D051C0}
		{F236295E-8AC5-47A1-B751-23FCDC90688F} = {38C3A798-FCA5-4785-BB06-B7404B6EAEEC}
		{E5F6CD41-EF70-4C50-B0AD-1D10529EDB1D} = {38C3A798-FCA5-4785-BB06-B7404B6EAEEC}
		{80F94562-64F0-48BB-8CFC-327CA0637B82} = {38C3A798-FCA5-4785-BB06-B7404B6EAEEC}
		{2159C99B-4EF9-469A-BBE8-4BCA87F4789A} = {38C3A798-FCA5-4785-BB06-B7404B6EAEEC}
		{86212696-F63D-439E-8F1C-903B6250D916} = {D93500BF-3090-42CC-A7C9-2A5154B6C829}
		{819E4230-C3E2-4246-86AF-42E813385A65} = {D93500BF-3090-42CC-A7C9-2A5154B6C829}
		{520B284F-B0D2-4CA8-919C-F9FE1C24B980} = {D93500BF-3090-42CC-A7C9-2A5154B6C829}
		{30BCD02E-9122-489A-8D43-7EB20667E903} = {520B284F-B0D2-4CA8-919C-F9FE1C24B980}
		{FB6FE9AF-C65C-4C62-AC18-B6176F441EE3} = {520B284F-B0D2-4CA8-919C-F9FE1C24B980}
		{5AF4B16A-E50B-4970-9ADF-0F0D5CF2088C} = {30BCD02E-9122-489A-8D43-7EB20667E903}
		{F1D621F1-E131-492C-AE57-80EA69BFC77B} = {30BCD02E-9122-489A-8D43-7EB20667E903}
		{8AE4FE93-1F08-4C15-B858-ACF4BCAFD12C} = {FB6FE9AF-C65C-4C62-AC18-B6176F441EE3}
		{1BBB3B29-4125-4353-94CE-FAF1CC680EDA} = {FB6FE9AF-C65C-4C62-AC18-B6176F441EE3}
		{DD60BE5D-60A6-48D1-9DFA-3E147A5422CF} = {CD2D5F1E-7A9D-489D-97E0-0B72FED6F026}
		{FD5CD96D-4E69-4F71-B858-CCC518F21F2D} = {CD2D5F1E-7A9D-489D-97E0-0B72FED6F026}
	EndGlobalSection
EndGlobal
