
Microsoft Visual Studio Solution File, Format Version 10.00
# Visual Studio 2008
Project("{2150E333-8FDC-42A3-9474-1A3956D46DE8}") = "Graphics", "Graphics", "{C895D489-CFE7-49FB-A4DC-AF4111674CBC}"
EndProject
Project("{FAE04EC0-301F-11D3-BF4B-00C04F79EFBC}") = "Graphics", "src\Graphics\Graphics.csproj", "{46A96A45-1CCE-4C94-95A2-9836CFBA2E78}"
EndProject
Project("{FAE04EC0-301F-11D3-BF4B-00C04F79EFBC}") = "Tests.Graphics", "src\Tests.Graphics\Tests.Graphics.csproj", "{886A66F9-E7A1-4288-9F03-A10E8732E1F2}"
EndProject
Project("{2150E333-8FDC-42A3-9474-1A3956D46DE8}") = "Math", "Math", "{8D156FA2-5684-4C96-88E2-CB104A746426}"
EndProject
Project("{FAE04EC0-301F-11D3-BF4B-00C04F79EFBC}") = "Math", "src\Math\Math.csproj", "{2E903ACD-202D-4B64-B2EF-C262D611C45D}"
EndProject
Project("{FAE04EC0-301F-11D3-BF4B-00C04F79EFBC}") = "Tests.Math", "src\Tests.Math\Tests.Math.csproj", "{6087D02A-9541-4AD7-A065-25E847C43613}"
EndProject
Project("{2150E333-8FDC-42A3-9474-1A3956D46DE8}") = "Implementations", "Implementations", "{0FA7E45A-8A57-4D3B-A189-A1EAA843CF66}"
EndProject
Project("{2150E333-8FDC-42A3-9474-1A3956D46DE8}") = "SlimDX", "SlimDX", "{2B5EB23D-48EB-4C48-B0E2-FE2631731899}"
EndProject
Project("{FAE04EC0-301F-11D3-BF4B-00C04F79EFBC}") = "Graphics.SlimDX", "src\Graphics.SlimDX\Graphics.SlimDX.csproj", "{80770940-160F-4073-A000-B79B34B6FB7D}"
EndProject
Project("{FAE04EC0-301F-11D3-BF4B-00C04F79EFBC}") = "Tests.Graphics.SlimDX", "src\Tests.Graphics.SlimDX\Tests.Graphics.SlimDX.csproj", "{A456EFBC-ECB0-4C64-B54E-10941689FB1D}"
EndProject
Project("{2150E333-8FDC-42A3-9474-1A3956D46DE8}") = "Xna", "Xna", "{2C717273-9BF7-4D48-9CCB-F529E8D051C0}"
EndProject
Project("{FAE04EC0-301F-11D3-BF4B-00C04F79EFBC}") = "Graphics.Xna", "src\Graphics.Xna\Graphics.Xna.csproj", "{070267A1-5B14-4375-BD7D-19D629C34152}"
EndProject
Project("{FAE04EC0-301F-11D3-BF4B-00C04F79EFBC}") = "Tests.Graphics.Xna", "src\Tests.Graphics.Xna\Tests.Graphics.Xna.csproj", "{B926A77F-7A13-4ADD-B408-18A6741DF271}"
EndProject
Project("{2150E333-8FDC-42A3-9474-1A3956D46DE8}") = "OpenGL", "OpenGL", "{0AEA9517-E1D6-4629-BFCF-C430F191F46D}"
EndProject
Project("{FAE04EC0-301F-11D3-BF4B-00C04F79EFBC}") = "Graphics.OpenGL", "src\Graphics.OpenGL\Graphics.OpenGL.csproj", "{C6977C42-AF28-437F-BA77-31F1F416E3C0}"
EndProject
Project("{FAE04EC0-301F-11D3-BF4B-00C04F79EFBC}") = "Tests.Graphics.OpenGL", "src\Tests.Graphics.OpenGL\Tests.Graphics.OpenGL.csproj", "{B6D880B2-49BB-4ABF-8780-609E573E19A5}"
EndProject
Project("{2150E333-8FDC-42A3-9474-1A3956D46DE8}") = "Infrastructure", "Infrastructure", "{38C3A798-FCA5-4785-BB06-B7404B6EAEEC}"
EndProject
Project("{FAE04EC0-301F-11D3-BF4B-00C04F79EFBC}") = "FunctionalTests.Graphics", "src\FunctionalTests.Graphics\FunctionalTests.Graphics.csproj", "{0C05E197-3435-40A0-B72A-B922F474A7B6}"
EndProject
Project("{2150E333-8FDC-42A3-9474-1A3956D46DE8}") = "Build", "Build", "{F5440C55-390E-4432-967C-31CC760F00B9}"
	ProjectSection(SolutionItems) = preProject
		rakefile.rb = rakefile.rb
	EndProjectSection
EndProject
Project("{FAE04EC0-301F-11D3-BF4B-00C04F79EFBC}") = "Infrastructure", "src\Infrastructure\Infrastructure.csproj", "{F236295E-8AC5-47A1-B751-23FCDC90688F}"
EndProject
Project("{FAE04EC0-301F-11D3-BF4B-00C04F79EFBC}") = "Tests.Infrastructure", "src\Tests.Infrastructure\Tests.Infrastructure.csproj", "{E5F6CD41-EF70-4C50-B0AD-1D10529EDB1D}"
EndProject
Global
	GlobalSection(SolutionConfigurationPlatforms) = preSolution
		Debug|Any CPU = Debug|Any CPU
		Release|Any CPU = Release|Any CPU
	EndGlobalSection
	GlobalSection(ProjectConfigurationPlatforms) = postSolution
		{46A96A45-1CCE-4C94-95A2-9836CFBA2E78}.Debug|Any CPU.ActiveCfg = Debug|Any CPU
		{46A96A45-1CCE-4C94-95A2-9836CFBA2E78}.Debug|Any CPU.Build.0 = Debug|Any CPU
		{46A96A45-1CCE-4C94-95A2-9836CFBA2E78}.Release|Any CPU.ActiveCfg = Release|Any CPU
		{46A96A45-1CCE-4C94-95A2-9836CFBA2E78}.Release|Any CPU.Build.0 = Release|Any CPU
		{886A66F9-E7A1-4288-9F03-A10E8732E1F2}.Debug|Any CPU.ActiveCfg = Debug|Any CPU
		{886A66F9-E7A1-4288-9F03-A10E8732E1F2}.Debug|Any CPU.Build.0 = Debug|Any CPU
		{886A66F9-E7A1-4288-9F03-A10E8732E1F2}.Release|Any CPU.ActiveCfg = Release|Any CPU
		{886A66F9-E7A1-4288-9F03-A10E8732E1F2}.Release|Any CPU.Build.0 = Release|Any CPU
		{2E903ACD-202D-4B64-B2EF-C262D611C45D}.Debug|Any CPU.ActiveCfg = Debug|Any CPU
		{2E903ACD-202D-4B64-B2EF-C262D611C45D}.Debug|Any CPU.Build.0 = Debug|Any CPU
		{2E903ACD-202D-4B64-B2EF-C262D611C45D}.Release|Any CPU.ActiveCfg = Release|Any CPU
		{2E903ACD-202D-4B64-B2EF-C262D611C45D}.Release|Any CPU.Build.0 = Release|Any CPU
		{6087D02A-9541-4AD7-A065-25E847C43613}.Debug|Any CPU.ActiveCfg = Debug|Any CPU
		{6087D02A-9541-4AD7-A065-25E847C43613}.Debug|Any CPU.Build.0 = Debug|Any CPU
		{6087D02A-9541-4AD7-A065-25E847C43613}.Release|Any CPU.ActiveCfg = Release|Any CPU
		{6087D02A-9541-4AD7-A065-25E847C43613}.Release|Any CPU.Build.0 = Release|Any CPU
		{80770940-160F-4073-A000-B79B34B6FB7D}.Debug|Any CPU.ActiveCfg = Debug|Any CPU
		{80770940-160F-4073-A000-B79B34B6FB7D}.Debug|Any CPU.Build.0 = Debug|Any CPU
		{80770940-160F-4073-A000-B79B34B6FB7D}.Release|Any CPU.ActiveCfg = Release|Any CPU
		{80770940-160F-4073-A000-B79B34B6FB7D}.Release|Any CPU.Build.0 = Release|Any CPU
		{A456EFBC-ECB0-4C64-B54E-10941689FB1D}.Debug|Any CPU.ActiveCfg = Debug|Any CPU
		{A456EFBC-ECB0-4C64-B54E-10941689FB1D}.Debug|Any CPU.Build.0 = Debug|Any CPU
		{A456EFBC-ECB0-4C64-B54E-10941689FB1D}.Release|Any CPU.ActiveCfg = Release|Any CPU
		{A456EFBC-ECB0-4C64-B54E-10941689FB1D}.Release|Any CPU.Build.0 = Release|Any CPU
		{070267A1-5B14-4375-BD7D-19D629C34152}.Debug|Any CPU.ActiveCfg = Debug|Any CPU
		{070267A1-5B14-4375-BD7D-19D629C34152}.Debug|Any CPU.Build.0 = Debug|Any CPU
		{070267A1-5B14-4375-BD7D-19D629C34152}.Release|Any CPU.ActiveCfg = Release|Any CPU
		{070267A1-5B14-4375-BD7D-19D629C34152}.Release|Any CPU.Build.0 = Release|Any CPU
		{B926A77F-7A13-4ADD-B408-18A6741DF271}.Debug|Any CPU.ActiveCfg = Debug|Any CPU
		{B926A77F-7A13-4ADD-B408-18A6741DF271}.Debug|Any CPU.Build.0 = Debug|Any CPU
		{B926A77F-7A13-4ADD-B408-18A6741DF271}.Release|Any CPU.ActiveCfg = Release|Any CPU
		{B926A77F-7A13-4ADD-B408-18A6741DF271}.Release|Any CPU.Build.0 = Release|Any CPU
		{C6977C42-AF28-437F-BA77-31F1F416E3C0}.Debug|Any CPU.ActiveCfg = Debug|Any CPU
		{C6977C42-AF28-437F-BA77-31F1F416E3C0}.Debug|Any CPU.Build.0 = Debug|Any CPU
		{C6977C42-AF28-437F-BA77-31F1F416E3C0}.Release|Any CPU.ActiveCfg = Release|Any CPU
		{C6977C42-AF28-437F-BA77-31F1F416E3C0}.Release|Any CPU.Build.0 = Release|Any CPU
		{B6D880B2-49BB-4ABF-8780-609E573E19A5}.Debug|Any CPU.ActiveCfg = Debug|Any CPU
		{B6D880B2-49BB-4ABF-8780-609E573E19A5}.Debug|Any CPU.Build.0 = Debug|Any CPU
		{B6D880B2-49BB-4ABF-8780-609E573E19A5}.Release|Any CPU.ActiveCfg = Release|Any CPU
		{B6D880B2-49BB-4ABF-8780-609E573E19A5}.Release|Any CPU.Build.0 = Release|Any CPU
		{0C05E197-3435-40A0-B72A-B922F474A7B6}.Debug|Any CPU.ActiveCfg = Debug|Any CPU
		{0C05E197-3435-40A0-B72A-B922F474A7B6}.Debug|Any CPU.Build.0 = Debug|Any CPU
		{0C05E197-3435-40A0-B72A-B922F474A7B6}.Release|Any CPU.ActiveCfg = Release|Any CPU
		{0C05E197-3435-40A0-B72A-B922F474A7B6}.Release|Any CPU.Build.0 = Release|Any CPU
		{F236295E-8AC5-47A1-B751-23FCDC90688F}.Debug|Any CPU.ActiveCfg = Debug|Any CPU
		{F236295E-8AC5-47A1-B751-23FCDC90688F}.Debug|Any CPU.Build.0 = Debug|Any CPU
		{F236295E-8AC5-47A1-B751-23FCDC90688F}.Release|Any CPU.ActiveCfg = Release|Any CPU
		{F236295E-8AC5-47A1-B751-23FCDC90688F}.Release|Any CPU.Build.0 = Release|Any CPU
		{E5F6CD41-EF70-4C50-B0AD-1D10529EDB1D}.Debug|Any CPU.ActiveCfg = Debug|Any CPU
		{E5F6CD41-EF70-4C50-B0AD-1D10529EDB1D}.Debug|Any CPU.Build.0 = Debug|Any CPU
		{E5F6CD41-EF70-4C50-B0AD-1D10529EDB1D}.Release|Any CPU.ActiveCfg = Release|Any CPU
		{E5F6CD41-EF70-4C50-B0AD-1D10529EDB1D}.Release|Any CPU.Build.0 = Release|Any CPU
	EndGlobalSection
	GlobalSection(SolutionProperties) = preSolution
		HideSolutionNode = FALSE
	EndGlobalSection
	GlobalSection(NestedProjects) = preSolution
		{46A96A45-1CCE-4C94-95A2-9836CFBA2E78} = {C895D489-CFE7-49FB-A4DC-AF4111674CBC}
		{886A66F9-E7A1-4288-9F03-A10E8732E1F2} = {C895D489-CFE7-49FB-A4DC-AF4111674CBC}
		{0FA7E45A-8A57-4D3B-A189-A1EAA843CF66} = {C895D489-CFE7-49FB-A4DC-AF4111674CBC}
		{0C05E197-3435-40A0-B72A-B922F474A7B6} = {C895D489-CFE7-49FB-A4DC-AF4111674CBC}
		{2E903ACD-202D-4B64-B2EF-C262D611C45D} = {8D156FA2-5684-4C96-88E2-CB104A746426}
		{6087D02A-9541-4AD7-A065-25E847C43613} = {8D156FA2-5684-4C96-88E2-CB104A746426}
		{2B5EB23D-48EB-4C48-B0E2-FE2631731899} = {0FA7E45A-8A57-4D3B-A189-A1EAA843CF66}
		{2C717273-9BF7-4D48-9CCB-F529E8D051C0} = {0FA7E45A-8A57-4D3B-A189-A1EAA843CF66}
		{0AEA9517-E1D6-4629-BFCF-C430F191F46D} = {0FA7E45A-8A57-4D3B-A189-A1EAA843CF66}
		{80770940-160F-4073-A000-B79B34B6FB7D} = {2B5EB23D-48EB-4C48-B0E2-FE2631731899}
		{A456EFBC-ECB0-4C64-B54E-10941689FB1D} = {2B5EB23D-48EB-4C48-B0E2-FE2631731899}
		{070267A1-5B14-4375-BD7D-19D629C34152} = {2C717273-9BF7-4D48-9CCB-F529E8D051C0}
		{B926A77F-7A13-4ADD-B408-18A6741DF271} = {2C717273-9BF7-4D48-9CCB-F529E8D051C0}
		{C6977C42-AF28-437F-BA77-31F1F416E3C0} = {0AEA9517-E1D6-4629-BFCF-C430F191F46D}
		{B6D880B2-49BB-4ABF-8780-609E573E19A5} = {0AEA9517-E1D6-4629-BFCF-C430F191F46D}
		{F236295E-8AC5-47A1-B751-23FCDC90688F} = {38C3A798-FCA5-4785-BB06-B7404B6EAEEC}
		{E5F6CD41-EF70-4C50-B0AD-1D10529EDB1D} = {38C3A798-FCA5-4785-BB06-B7404B6EAEEC}
	EndGlobalSection
EndGlobal
